
Microsoft Visual Studio Solution File, Format Version 12.00
# Visual Studio Version 17
VisualStudioVersion = 17.2.32516.85
MinimumVisualStudioVersion = 10.0.40219.1
Project("{FAE04EC0-301F-11D3-BF4B-00C04F79EFBC}") = "RegexUserRegistration", "RegexUserRegistration\RegexUserRegistration.csproj", "{1D0A0D81-A8A4-4604-81AD-7E518331C961}"
EndProject
Global
	GlobalSection(SolutionConfigurationPlatforms) = preSolution
		Debug|Any CPU = Debug|Any CPU
		Release|Any CPU = Release|Any CPU
	EndGlobalSection
	GlobalSection(ProjectConfigurationPlatforms) = postSolution
		{1D0A0D81-A8A4-4604-81AD-7E518331C961}.Debug|Any CPU.ActiveCfg = Debug|Any CPU
		{1D0A0D81-A8A4-4604-81AD-7E518331C961}.Debug|Any CPU.Build.0 = Debug|Any CPU
		{1D0A0D81-A8A4-4604-81AD-7E518331C961}.Release|Any CPU.ActiveCfg = Release|Any CPU
		{1D0A0D81-A8A4-4604-81AD-7E518331C961}.Release|Any CPU.Build.0 = Release|Any CPU
	EndGlobalSection
	GlobalSection(SolutionProperties) = preSolution
		HideSolutionNode = FALSE
	EndGlobalSection
	GlobalSection(ExtensibilityGlobals) = postSolution
		SolutionGuid = {FC01D59F-913A-4598-8721-3C2DD6AD1807}
	EndGlobalSection
EndGlobal
